// !$*UTF8*$!
{
	archiveVersion = 1;
	classes = {
	};
	objectVersion = 50;
	objects = {

/* Begin PBXBuildFile section */
		25301B88251DFA7B00BA4920 /* AppDelegate.swift in Sources */ = {isa = PBXBuildFile; fileRef = 25301B87251DFA7B00BA4920 /* AppDelegate.swift */; };
		25301B8A251DFA7B00BA4920 /* SceneDelegate.swift in Sources */ = {isa = PBXBuildFile; fileRef = 25301B89251DFA7B00BA4920 /* SceneDelegate.swift */; };
		25301B8C251DFA7B00BA4920 /* ViewController.swift in Sources */ = {isa = PBXBuildFile; fileRef = 25301B8B251DFA7B00BA4920 /* ViewController.swift */; };
		25301B8F251DFA7B00BA4920 /* Main.storyboard in Resources */ = {isa = PBXBuildFile; fileRef = 25301B8D251DFA7B00BA4920 /* Main.storyboard */; };
		25301B91251DFA7B00BA4920 /* Assets.xcassets in Resources */ = {isa = PBXBuildFile; fileRef = 25301B90251DFA7B00BA4920 /* Assets.xcassets */; };
		25301B94251DFA7B00BA4920 /* LaunchScreen.storyboard in Resources */ = {isa = PBXBuildFile; fileRef = 25301B92251DFA7B00BA4920 /* LaunchScreen.storyboard */; };
		25F0169D251DFDC700D5B865 /* TableViewCell.swift in Sources */ = {isa = PBXBuildFile; fileRef = 25F0169C251DFDC700D5B865 /* TableViewCell.swift */; };
		25F016A0251E610B00D5B865 /* Model.swift in Sources */ = {isa = PBXBuildFile; fileRef = 25F0169F251E610B00D5B865 /* Model.swift */; };
		25F016A5251E61AA00D5B865 /* StopWatch.swift in Sources */ = {isa = PBXBuildFile; fileRef = 25F016A4251E61AA00D5B865 /* StopWatch.swift */; };
/* End PBXBuildFile section */

/* Begin PBXFileReference section */
		25301B84251DFA7B00BA4920 /* Stop Watch.app */ = {isa = PBXFileReference; explicitFileType = wrapper.application; includeInIndex = 0; path = "Stop Watch.app"; sourceTree = BUILT_PRODUCTS_DIR; };
		25301B87251DFA7B00BA4920 /* AppDelegate.swift */ = {isa = PBXFileReference; lastKnownFileType = sourcecode.swift; path = AppDelegate.swift; sourceTree = "<group>"; };
		25301B89251DFA7B00BA4920 /* SceneDelegate.swift */ = {isa = PBXFileReference; lastKnownFileType = sourcecode.swift; path = SceneDelegate.swift; sourceTree = "<group>"; };
		25301B8B251DFA7B00BA4920 /* ViewController.swift */ = {isa = PBXFileReference; lastKnownFileType = sourcecode.swift; path = ViewController.swift; sourceTree = "<group>"; };
		25301B8E251DFA7B00BA4920 /* Base */ = {isa = PBXFileReference; lastKnownFileType = file.storyboard; name = Base; path = Base.lproj/Main.storyboard; sourceTree = "<group>"; };
		25301B90251DFA7B00BA4920 /* Assets.xcassets */ = {isa = PBXFileReference; lastKnownFileType = folder.assetcatalog; path = Assets.xcassets; sourceTree = "<group>"; };
		25301B93251DFA7B00BA4920 /* Base */ = {isa = PBXFileReference; lastKnownFileType = file.storyboard; name = Base; path = Base.lproj/LaunchScreen.storyboard; sourceTree = "<group>"; };
		25301B95251DFA7B00BA4920 /* Info.plist */ = {isa = PBXFileReference; lastKnownFileType = text.plist.xml; path = Info.plist; sourceTree = "<group>"; };
		25F0169C251DFDC700D5B865 /* TableViewCell.swift */ = {isa = PBXFileReference; lastKnownFileType = sourcecode.swift; path = TableViewCell.swift; sourceTree = "<group>"; };
		25F0169F251E610B00D5B865 /* Model.swift */ = {isa = PBXFileReference; lastKnownFileType = sourcecode.swift; path = Model.swift; sourceTree = "<group>"; };
		25F016A4251E61AA00D5B865 /* StopWatch.swift */ = {isa = PBXFileReference; lastKnownFileType = sourcecode.swift; path = StopWatch.swift; sourceTree = "<group>"; };
/* End PBXFileReference section */

/* Begin PBXFrameworksBuildPhase section */
		25301B81251DFA7B00BA4920 /* Frameworks */ = {
			isa = PBXFrameworksBuildPhase;
			buildActionMask = 2147483647;
			files = (
			);
			runOnlyForDeploymentPostprocessing = 0;
		};
/* End PBXFrameworksBuildPhase section */

/* Begin PBXGroup section */
		25301B7B251DFA7A00BA4920 = {
			isa = PBXGroup;
			children = (
				25301B86251DFA7B00BA4920 /* Stop Watch */,
				25301B85251DFA7B00BA4920 /* Products */,
			);
			sourceTree = "<group>";
		};
		25301B85251DFA7B00BA4920 /* Products */ = {
			isa = PBXGroup;
			children = (
				25301B84251DFA7B00BA4920 /* Stop Watch.app */,
			);
			name = Products;
			sourceTree = "<group>";
		};
		25301B86251DFA7B00BA4920 /* Stop Watch */ = {
			isa = PBXGroup;
			children = (
				25F0169E251E60F400D5B865 /* Model */,
				25F016A3251E612400D5B865 /* ViewModel */,
				25F016A2251E611D00D5B865 /* View */,
				25F016A1251E611300D5B865 /* Controller */,
				25301B87251DFA7B00BA4920 /* AppDelegate.swift */,
				25301B89251DFA7B00BA4920 /* SceneDelegate.swift */,
				25301B90251DFA7B00BA4920 /* Assets.xcassets */,
				25301B92251DFA7B00BA4920 /* LaunchScreen.storyboard */,
				25301B95251DFA7B00BA4920 /* Info.plist */,
			);
			path = "Stop Watch";
			sourceTree = "<group>";
		};
		25F0169E251E60F400D5B865 /* Model */ = {
			isa = PBXGroup;
			children = (
				25F0169F251E610B00D5B865 /* Model.swift */,
			);
			path = Model;
			sourceTree = "<group>";
		};
		25F016A1251E611300D5B865 /* Controller */ = {
			isa = PBXGroup;
			children = (
				25301B8B251DFA7B00BA4920 /* ViewController.swift */,
			);
			path = Controller;
			sourceTree = "<group>";
		};
		25F016A2251E611D00D5B865 /* View */ = {
			isa = PBXGroup;
			children = (
				25F0169C251DFDC700D5B865 /* TableViewCell.swift */,
				25301B8D251DFA7B00BA4920 /* Main.storyboard */,
			);
			path = View;
			sourceTree = "<group>";
		};
		25F016A3251E612400D5B865 /* ViewModel */ = {
			isa = PBXGroup;
			children = (
				25F016A4251E61AA00D5B865 /* StopWatch.swift */,
			);
			path = ViewModel;
			sourceTree = "<group>";
		};
/* End PBXGroup section */

/* Begin PBXNativeTarget section */
		25301B83251DFA7B00BA4920 /* Stop Watch */ = {
			isa = PBXNativeTarget;
			buildConfigurationList = 25301B98251DFA7B00BA4920 /* Build configuration list for PBXNativeTarget "Stop Watch" */;
			buildPhases = (
				25301B80251DFA7B00BA4920 /* Sources */,
				25301B81251DFA7B00BA4920 /* Frameworks */,
				25301B82251DFA7B00BA4920 /* Resources */,
			);
			buildRules = (
			);
			dependencies = (
			);
			name = "Stop Watch";
			productName = "Stop Watch";
			productReference = 25301B84251DFA7B00BA4920 /* Stop Watch.app */;
			productType = "com.apple.product-type.application";
		};
/* End PBXNativeTarget section */

/* Begin PBXProject section */
		25301B7C251DFA7A00BA4920 /* Project object */ = {
			isa = PBXProject;
			attributes = {
				LastSwiftUpdateCheck = 1130;
				LastUpgradeCheck = 1200;
				ORGANIZATIONNAME = Karthik;
				TargetAttributes = {
					25301B83251DFA7B00BA4920 = {
						CreatedOnToolsVersion = 11.3;
					};
				};
			};
			buildConfigurationList = 25301B7F251DFA7A00BA4920 /* Build configuration list for PBXProject "Stop Watch" */;
			compatibilityVersion = "Xcode 9.3";
			developmentRegion = en;
			hasScannedForEncodings = 0;
			knownRegions = (
				en,
				Base,
			);
			mainGroup = 25301B7B251DFA7A00BA4920;
			productRefGroup = 25301B85251DFA7B00BA4920 /* Products */;
			projectDirPath = "";
			projectRoot = "";
			targets = (
				25301B83251DFA7B00BA4920 /* Stop Watch */,
			);
		};
/* End PBXProject section */

/* Begin PBXResourcesBuildPhase section */
		25301B82251DFA7B00BA4920 /* Resources */ = {
			isa = PBXResourcesBuildPhase;
			buildActionMask = 2147483647;
			files = (
				25301B94251DFA7B00BA4920 /* LaunchScreen.storyboard in Resources */,
				25301B91251DFA7B00BA4920 /* Assets.xcassets in Resources */,
				25301B8F251DFA7B00BA4920 /* Main.storyboard in Resources */,
			);
			runOnlyForDeploymentPostprocessing = 0;
		};
/* End PBXResourcesBuildPhase section */

/* Begin PBXSourcesBuildPhase section */
		25301B80251DFA7B00BA4920 /* Sources */ = {
			isa = PBXSourcesBuildPhase;
			buildActionMask = 2147483647;
			files = (
				25F016A0251E610B00D5B865 /* Model.swift in Sources */,
				25301B8C251DFA7B00BA4920 /* ViewController.swift in Sources */,
				25F0169D251DFDC700D5B865 /* TableViewCell.swift in Sources */,
				25301B88251DFA7B00BA4920 /* AppDelegate.swift in Sources */,
				25F016A5251E61AA00D5B865 /* StopWatch.swift in Sources */,
				25301B8A251DFA7B00BA4920 /* SceneDelegate.swift in Sources */,
			);
			runOnlyForDeploymentPostprocessing = 0;
		};
/* End PBXSourcesBuildPhase section */

/* Begin PBXVariantGroup section */
		25301B8D251DFA7B00BA4920 /* Main.storyboard */ = {
			isa = PBXVariantGroup;
			children = (
				25301B8E251DFA7B00BA4920 /* Base */,
			);
			name = Main.storyboard;
			sourceTree = "<group>";
		};
		25301B92251DFA7B00BA4920 /* LaunchScreen.storyboard */ = {
			isa = PBXVariantGroup;
			children = (
				25301B93251DFA7B00BA4920 /* Base */,
			);
			name = LaunchScreen.storyboard;
			sourceTree = "<group>";
		};
/* End PBXVariantGroup section */

/* Begin XCBuildConfiguration section */
		25301B96251DFA7B00BA4920 /* Debug */ = {
			isa = XCBuildConfiguration;
			buildSettings = {
				ALWAYS_SEARCH_USER_PATHS = NO;
				CLANG_ANALYZER_NONNULL = YES;
				CLANG_ANALYZER_NUMBER_OBJECT_CONVERSION = YES_AGGRESSIVE;
				CLANG_CXX_LANGUAGE_STANDARD = "gnu++14";
				CLANG_CXX_LIBRARY = "libc++";
				CLANG_ENABLE_MODULES = YES;
				CLANG_ENABLE_OBJC_ARC = YES;
				CLANG_ENABLE_OBJC_WEAK = YES;
				CLANG_WARN_BLOCK_CAPTURE_AUTORELEASING = YES;
				CLANG_WARN_BOOL_CONVERSION = YES;
				CLANG_WARN_COMMA = YES;
				CLANG_WARN_CONSTANT_CONVERSION = YES;
				CLANG_WARN_DEPRECATED_OBJC_IMPLEMENTATIONS = YES;
				CLANG_WARN_DIRECT_OBJC_ISA_USAGE = YES_ERROR;
				CLANG_WARN_DOCUMENTATION_COMMENTS = YES;
				CLANG_WARN_EMPTY_BODY = YES;
				CLANG_WARN_ENUM_CONVERSION = YES;
				CLANG_WARN_INFINITE_RECURSION = YES;
				CLANG_WARN_INT_CONVERSION = YES;
				CLANG_WARN_NON_LITERAL_NULL_CONVERSION = YES;
				CLANG_WARN_OBJC_IMPLICIT_RETAIN_SELF = YES;
				CLANG_WARN_OBJC_LITERAL_CONVERSION = YES;
				CLANG_WARN_OBJC_ROOT_CLASS = YES_ERROR;
				CLANG_WARN_QUOTED_INCLUDE_IN_FRAMEWORK_HEADER = YES;
				CLANG_WARN_RANGE_LOOP_ANALYSIS = YES;
				CLANG_WARN_STRICT_PROTOTYPES = YES;
				CLANG_WARN_SUSPICIOUS_MOVE = YES;
				CLANG_WARN_UNGUARDED_AVAILABILITY = YES_AGGRESSIVE;
				CLANG_WARN_UNREACHABLE_CODE = YES;
				CLANG_WARN__DUPLICATE_METHOD_MATCH = YES;
				COPY_PHASE_STRIP = NO;
				DEBUG_INFORMATION_FORMAT = dwarf;
				ENABLE_STRICT_OBJC_MSGSEND = YES;
				ENABLE_TESTABILITY = YES;
				GCC_C_LANGUAGE_STANDARD = gnu11;
				GCC_DYNAMIC_NO_PIC = NO;
				GCC_NO_COMMON_BLOCKS = YES;
				GCC_OPTIMIZATION_LEVEL = 0;
				GCC_PREPROCESSOR_DEFINITIONS = (
					"DEBUG=1",
					"$(inherited)",
				);
				GCC_WARN_64_TO_32_BIT_CONVERSION = YES;
				GCC_WARN_ABOUT_RETURN_TYPE = YES_ERROR;
				GCC_WARN_UNDECLARED_SELECTOR = YES;
				GCC_WARN_UNINITIALIZED_AUTOS = YES_AGGRESSIVE;
				GCC_WARN_UNUSED_FUNCTION = YES;
				GCC_WARN_UNUSED_VARIABLE = YES;
				IPHONEOS_DEPLOYMENT_TARGET = 13.2;
				MTL_ENABLE_DEBUG_INFO = INCLUDE_SOURCE;
				MTL_FAST_MATH = YES;
				ONLY_ACTIVE_ARCH = YES;
				SDKROOT = iphoneos;
				SWIFT_ACTIVE_COMPILATION_CONDITIONS = DEBUG;
				SWIFT_OPTIMIZATION_LEVEL = "-Onone";
			};
			name = Debug;
		};
		25301B97251DFA7B00BA4920 /* Release */ = {
			isa = XCBuildConfiguration;
			buildSettings = {
				ALWAYS_SEARCH_USER_PATHS = NO;
				CLANG_ANALYZER_NONNULL = YES;
				CLANG_ANALYZER_NUMBER_OBJECT_CONVERSION = YES_AGGRESSIVE;
				CLANG_CXX_LANGUAGE_STANDARD = "gnu++14";
				CLANG_CXX_LIBRARY = "libc++";
				CLANG_ENABLE_MODULES = YES;
				CLANG_ENABLE_OBJC_ARC = YES;
				CLANG_ENABLE_OBJC_WEAK = YES;
				CLANG_WARN_BLOCK_CAPTURE_AUTORELEASING = YES;
				CLANG_WARN_BOOL_CONVERSION = YES;
				CLANG_WARN_COMMA = YES;
				CLANG_WARN_CONSTANT_CONVERSION = YES;
				CLANG_WARN_DEPRECATED_OBJC_IMPLEMENTATIONS = YES;
				CLANG_WARN_DIRECT_OBJC_ISA_USAGE = YES_ERROR;
				CLANG_WARN_DOCUMENTATION_COMMENTS = YES;
				CLANG_WARN_EMPTY_BODY = YES;
				CLANG_WARN_ENUM_CONVERSION = YES;
				CLANG_WARN_INFINITE_RECURSION = YES;
				CLANG_WARN_INT_CONVERSION = YES;
				CLANG_WARN_NON_LITERAL_NULL_CONVERSION = YES;
				CLANG_WARN_OBJC_IMPLICIT_RETAIN_SELF = YES;
				CLANG_WARN_OBJC_LITERAL_CONVERSION = YES;
				CLANG_WARN_OBJC_ROOT_CLASS = YES_ERROR;
				CLANG_WARN_QUOTED_INCLUDE_IN_FRAMEWORK_HEADER = YES;
				CLANG_WARN_RANGE_LOOP_ANALYSIS = YES;
				CLANG_WARN_STRICT_PROTOTYPES = YES;
				CLANG_WARN_SUSPICIOUS_MOVE = YES;
				CLANG_WARN_UNGUARDED_AVAILABILITY = YES_AGGRESSIVE;
				CLANG_WARN_UNREACHABLE_CODE = YES;
				CLANG_WARN__DUPLICATE_METHOD_MATCH = YES;
				COPY_PHASE_STRIP = NO;
				DEBUG_INFORMATION_FORMAT = "dwarf-with-dsym";
				ENABLE_NS_ASSERTIONS = NO;
				ENABLE_STRICT_OBJC_MSGSEND = YES;
				GCC_C_LANGUAGE_STANDARD = gnu11;
				GCC_NO_COMMON_BLOCKS = YES;
				GCC_WARN_64_TO_32_BIT_CONVERSION = YES;
				GCC_WARN_ABOUT_RETURN_TYPE = YES_ERROR;
				GCC_WARN_UNDECLARED_SELECTOR = YES;
				GCC_WARN_UNINITIALIZED_AUTOS = YES_AGGRESSIVE;
				GCC_WARN_UNUSED_FUNCTION = YES;
				GCC_WARN_UNUSED_VARIABLE = YES;
				IPHONEOS_DEPLOYMENT_TARGET = 13.2;
				MTL_ENABLE_DEBUG_INFO = NO;
				MTL_FAST_MATH = YES;
				SDKROOT = iphoneos;
				SWIFT_COMPILATION_MODE = wholemodule;
				SWIFT_OPTIMIZATION_LEVEL = "-O";
				VALIDATE_PRODUCT = YES;
			};
			name = Release;
		};
		25301B99251DFA7B00BA4920 /* Debug */ = {
			isa = XCBuildConfiguration;
			buildSettings = {
				ASSETCATALOG_COMPILER_APPICON_NAME = AppIcon;
				CODE_SIGN_STYLE = Automatic;
				DEVELOPMENT_TEAM = 5AAY8QA8UU;
				INFOPLIST_FILE = "Stop Watch/Info.plist";
				LD_RUNPATH_SEARCH_PATHS = (
					"$(inherited)",
					"@executable_path/Frameworks",
				);
				PRODUCT_BUNDLE_IDENTIFIER = "com.duxetech.Stop-Watch";
				PRODUCT_NAME = "$(TARGET_NAME)";
				SWIFT_VERSION = 5.0;
				TARGETED_DEVICE_FAMILY = 1;
			};
			name = Debug;
		};
		25301B9A251DFA7B00BA4920 /* Release */ = {
			isa = XCBuildConfiguration;
			buildSettings = {
				ASSETCATALOG_COMPILER_APPICON_NAME = AppIcon;
				CODE_SIGN_STYLE = Automatic;
				DEVELOPMENT_TEAM = 5AAY8QA8UU;
				INFOPLIST_FILE = "Stop Watch/Info.plist";
				LD_RUNPATH_SEARCH_PATHS = (
					"$(inherited)",
					"@executable_path/Frameworks",
				);
				PRODUCT_BUNDLE_IDENTIFIER = "com.duxetech.Stop-Watch";
				PRODUCT_NAME = "$(TARGET_NAME)";
				SWIFT_VERSION = 5.0;
				TARGETED_DEVICE_FAMILY = 1;
			};
			name = Release;
		};
/* End XCBuildConfiguration section */

/* Begin XCConfigurationList section */
		25301B7F251DFA7A00BA4920 /* Build configuration list for PBXProject "Stop Watch" */ = {
			isa = XCConfigurationList;
			buildConfigurations = (
				25301B96251DFA7B00BA4920 /* Debug */,
				25301B97251DFA7B00BA4920 /* Release */,
			);
			defaultConfigurationIsVisible = 0;
			defaultConfigurationName = Release;
		};
		25301B98251DFA7B00BA4920 /* Build configuration list for PBXNativeTarget "Stop Watch" */ = {
			isa = XCConfigurationList;
			buildConfigurations = (
				25301B99251DFA7B00BA4920 /* Debug */,
				25301B9A251DFA7B00BA4920 /* Release */,
			);
			defaultConfigurationIsVisible = 0;
			defaultConfigurationName = Release;
		};
/* End XCConfigurationList section */
	};
	rootObject = 25301B7C251DFA7A00BA4920 /* Project object */;
}
